{
    "version": 3,
    "terraform_version": "0.11.8",
    "serial": 6,
    "lineage": "42e35527-5927-6717-e7d1-971f8f312ae0",
    "modules": [
        {
            "path": [
                "root"
            ],
            "outputs": {},
            "resources": {},
            "depends_on": []
        },
        {
            "path": [
                "root",
                "dmz_routetable"
            ],
            "outputs": {
                "route_table_id": {
                    "sensitive": false,
                    "type": "string",
                    "value": "rtb-0dde42b5f37ce2e0c"
                }
            },
            "resources": {
                "aws_route_table.My_VPC_route_table": {
                    "type": "aws_route_table",
                    "depends_on": [],
                    "primary": {
                        "id": "rtb-0dde42b5f37ce2e0c",
                        "attributes": {
                            "id": "rtb-0dde42b5f37ce2e0c",
                            "propagating_vgws.#": "0",
                            "route.#": "0",
                            "tags.%": "1",
                            "tags.Name": "dmz-rt",
                            "vpc_id": "vpc-041fc8188d8d34ffa"
                        },
                        "meta": {},
                        "tainted": false
                    },
                    "deposed": [],
                    "provider": "provider.aws"
                }
            },
            "depends_on": []
        },
        {
            "path": [
                "root",
                "dmz_rt_route"
            ],
            "outputs": {
                "route_id": {
                    "sensitive": false,
                    "type": "string",
                    "value": "r-rtb-0dde42b5f37ce2e0c1080289494"
                }
            },
            "resources": {
                "aws_route.route": {
                    "type": "aws_route",
                    "depends_on": [],
                    "primary": {
                        "id": "r-rtb-0dde42b5f37ce2e0c1080289494",
                        "attributes": {
                            "destination_cidr_block": "0.0.0.0/0",
                            "destination_prefix_list_id": "",
                            "egress_only_gateway_id": "",
                            "gateway_id": "igw-0044aefe0bd26aa7b",
                            "id": "r-rtb-0dde42b5f37ce2e0c1080289494",
                            "instance_id": "",
                            "instance_owner_id": "",
                            "nat_gateway_id": "",
                            "network_interface_id": "",
                            "origin": "CreateRoute",
                            "route_table_id": "rtb-0dde42b5f37ce2e0c",
                            "state": "active",
                            "vpc_peering_connection_id": ""
                        },
                        "meta": {
                            "e2bfb730-ecaa-11e6-8f88-34363bc7c4c0": {
                                "create": 120000000000,
                                "delete": 300000000000
                            }
                        },
                        "tainted": false
                    },
                    "deposed": [],
                    "provider": "provider.aws"
                }
            },
            "depends_on": []
        },
        {
            "path": [
                "root",
                "dmz_subnets"
            ],
            "outputs": {
                "subnet_id": {
                    "sensitive": false,
                    "type": "list",
                    "value": [
                        "subnet-0b5b141ee225aff93",
                        "subnet-0211b00ef939434b6",
                        "subnet-0830e6e6aee83e29b"
                    ]
                },
                "subnet_id_count": {
                    "sensitive": false,
                    "type": "string",
                    "value": "3"
                },
                "subnet_id_map": {
                    "sensitive": false,
                    "type": "map",
                    "value": {
                        "subnet-0211b00ef939434b6": "us-east-2b",
                        "subnet-0830e6e6aee83e29b": "us-east-2c",
                        "subnet-0b5b141ee225aff93": "us-east-2a"
                    }
                }
            },
            "resources": {
                "aws_subnet.public_subnet.0": {
                    "type": "aws_subnet",
                    "depends_on": [],
                    "primary": {
                        "id": "subnet-0b5b141ee225aff93",
                        "attributes": {
                            "arn": "arn:aws:ec2:us-east-2:737765950268:subnet/subnet-0b5b141ee225aff93",
                            "assign_ipv6_address_on_creation": "false",
                            "availability_zone": "us-east-2a",
                            "cidr_block": "149.10.0.0/24",
                            "id": "subnet-0b5b141ee225aff93",
                            "map_public_ip_on_launch": "true",
                            "tags.%": "1",
                            "tags.Name": "dev-public-public-subnet-us-east-2a",
                            "vpc_id": "vpc-041fc8188d8d34ffa"
                        },
                        "meta": {
                            "e2bfb730-ecaa-11e6-8f88-34363bc7c4c0": {
                                "create": 600000000000,
                                "delete": 600000000000
                            },
                            "schema_version": "1"
                        },
                        "tainted": false
                    },
                    "deposed": [],
                    "provider": "provider.aws"
                },
                "aws_subnet.public_subnet.1": {
                    "type": "aws_subnet",
                    "depends_on": [],
                    "primary": {
                        "id": "subnet-0211b00ef939434b6",
                        "attributes": {
                            "arn": "arn:aws:ec2:us-east-2:737765950268:subnet/subnet-0211b00ef939434b6",
                            "assign_ipv6_address_on_creation": "false",
                            "availability_zone": "us-east-2b",
                            "cidr_block": "149.10.1.0/24",
                            "id": "subnet-0211b00ef939434b6",
                            "map_public_ip_on_launch": "true",
                            "tags.%": "1",
                            "tags.Name": "dev-public-public-subnet-us-east-2b",
                            "vpc_id": "vpc-041fc8188d8d34ffa"
                        },
                        "meta": {
                            "e2bfb730-ecaa-11e6-8f88-34363bc7c4c0": {
                                "create": 600000000000,
                                "delete": 600000000000
                            },
                            "schema_version": "1"
                        },
                        "tainted": false
                    },
                    "deposed": [],
                    "provider": "provider.aws"
                },
                "aws_subnet.public_subnet.2": {
                    "type": "aws_subnet",
                    "depends_on": [],
                    "primary": {
                        "id": "subnet-0830e6e6aee83e29b",
                        "attributes": {
                            "arn": "arn:aws:ec2:us-east-2:737765950268:subnet/subnet-0830e6e6aee83e29b",
                            "assign_ipv6_address_on_creation": "false",
                            "availability_zone": "us-east-2c",
                            "cidr_block": "149.10.2.0/24",
                            "id": "subnet-0830e6e6aee83e29b",
                            "map_public_ip_on_launch": "true",
                            "tags.%": "1",
                            "tags.Name": "dev-public-public-subnet-us-east-2c",
                            "vpc_id": "vpc-041fc8188d8d34ffa"
                        },
                        "meta": {
                            "e2bfb730-ecaa-11e6-8f88-34363bc7c4c0": {
                                "create": 600000000000,
                                "delete": 600000000000
                            },
                            "schema_version": "1"
                        },
                        "tainted": false
                    },
                    "deposed": [],
                    "provider": "provider.aws"
                }
            },
            "depends_on": []
        },
        {
            "path": [
                "root",
                "internetgateway"
            ],
            "outputs": {
                "internet_gateway_id": {
                    "sensitive": false,
                    "type": "string",
                    "value": "igw-0044aefe0bd26aa7b"
                }
            },
            "resources": {
                "aws_internet_gateway.My_VPC_GW": {
                    "type": "aws_internet_gateway",
                    "depends_on": [],
                    "primary": {
                        "id": "igw-0044aefe0bd26aa7b",
                        "attributes": {
                            "id": "igw-0044aefe0bd26aa7b",
                            "tags.%": "1",
                            "tags.Name": "elk-vpc-ig",
                            "vpc_id": "vpc-041fc8188d8d34ffa"
                        },
                        "meta": {},
                        "tainted": false
                    },
                    "deposed": [],
                    "provider": "provider.aws"
                }
            },
            "depends_on": []
        },
        {
            "path": [
                "root",
                "public_rt_association"
            ],
            "outputs": {},
            "resources": {
                "aws_route_table_association.rt_association.0": {
                    "type": "aws_route_table_association",
                    "depends_on": [],
                    "primary": {
                        "id": "rtbassoc-0e5de1234b577f2f7",
                        "attributes": {
                            "id": "rtbassoc-0e5de1234b577f2f7",
                            "route_table_id": "rtb-0dde42b5f37ce2e0c",
                            "subnet_id": "subnet-0b5b141ee225aff93"
                        },
                        "meta": {},
                        "tainted": false
                    },
                    "deposed": [],
                    "provider": "provider.aws"
                },
                "aws_route_table_association.rt_association.1": {
                    "type": "aws_route_table_association",
                    "depends_on": [],
                    "primary": {
                        "id": "rtbassoc-067519020d2d1bd73",
                        "attributes": {
                            "id": "rtbassoc-067519020d2d1bd73",
                            "route_table_id": "rtb-0dde42b5f37ce2e0c",
                            "subnet_id": "subnet-0211b00ef939434b6"
                        },
                        "meta": {},
                        "tainted": false
                    },
                    "deposed": [],
                    "provider": "provider.aws"
                },
                "aws_route_table_association.rt_association.2": {
                    "type": "aws_route_table_association",
                    "depends_on": [],
                    "primary": {
                        "id": "rtbassoc-0333ad5dbb367756a",
                        "attributes": {
                            "id": "rtbassoc-0333ad5dbb367756a",
                            "route_table_id": "rtb-0dde42b5f37ce2e0c",
                            "subnet_id": "subnet-0830e6e6aee83e29b"
                        },
                        "meta": {},
                        "tainted": false
                    },
                    "deposed": [],
                    "provider": "provider.aws"
                }
            },
            "depends_on": []
        },
        {
            "path": [
                "root",
                "vpc"
            ],
            "outputs": {
                "vpc_id": {
                    "sensitive": false,
                    "type": "string",
                    "value": "vpc-041fc8188d8d34ffa"
                }
            },
            "resources": {
                "aws_vpc.main": {
                    "type": "aws_vpc",
                    "depends_on": [],
                    "primary": {
                        "id": "vpc-041fc8188d8d34ffa",
                        "attributes": {
                            "arn": "arn:aws:ec2:us-east-2:737765950268:vpc/vpc-041fc8188d8d34ffa",
                            "assign_generated_ipv6_cidr_block": "false",
                            "cidr_block": "149.10.0.0/16",
                            "default_network_acl_id": "acl-03d2b00cd3045ebac",
                            "default_route_table_id": "rtb-0c8add66c3e2770ac",
                            "default_security_group_id": "sg-036648ea14d117bcf",
                            "dhcp_options_id": "dopt-c84349a0",
                            "enable_dns_hostnames": "true",
                            "enable_dns_support": "true",
                            "id": "vpc-041fc8188d8d34ffa",
                            "instance_tenancy": "default",
                            "main_route_table_id": "rtb-0c8add66c3e2770ac",
                            "tags.%": "1",
                            "tags.Name": "cpv-vpc"
                        },
                        "meta": {
                            "schema_version": "1"
                        },
                        "tainted": false
                    },
                    "deposed": [],
                    "provider": "provider.aws"
                }
            },
            "depends_on": []
        }
    ]
}
